// !$*UTF8*$!
{
	archiveVersion = 1;
	classes = {
	};
	objectVersion = 56;
	objects = {

/* Begin PBXBuildFile section */
		6B1F657E2D0365CA0042852D /* Status.swift in Sources */ = {isa = PBXBuildFile; fileRef = 6B1F657D2D0365CA0042852D /* Status.swift */; };
		6B1F65802D0367E50042852D /* ShipmentType.swift in Sources */ = {isa = PBXBuildFile; fileRef = 6B1F657F2D0367E50042852D /* ShipmentType.swift */; };
		6B1F65842D036C590042852D /* AppStrings.swift in Sources */ = {isa = PBXBuildFile; fileRef = 6B1F65832D036C590042852D /* AppStrings.swift */; };
		6B1F65882D042FAC0042852D /* PackListView.swift in Sources */ = {isa = PBXBuildFile; fileRef = 6B1F65872D042FAC0042852D /* PackListView.swift */; };
		6B1F658A2D042FC60042852D /* PackListViewModel.swift in Sources */ = {isa = PBXBuildFile; fileRef = 6B1F65892D042FC60042852D /* PackListViewModel.swift */; };
		6B1F658D2D0435040042852D /* LaunchScreen.storyboard in Resources */ = {isa = PBXBuildFile; fileRef = 6B1F658B2D0435040042852D /* LaunchScreen.storyboard */; };
		6B1F65952D043AF60042852D /* Montserrat-ExtraBold.otf in Resources */ = {isa = PBXBuildFile; fileRef = 6B1F65922D043AF60042852D /* Montserrat-ExtraBold.otf */; };
		6B1F65962D043AF60042852D /* Montserrat-Bold.otf in Resources */ = {isa = PBXBuildFile; fileRef = 6B1F65912D043AF60042852D /* Montserrat-Bold.otf */; };
		6B1F65972D043AF60042852D /* Montserrat-Medium.otf in Resources */ = {isa = PBXBuildFile; fileRef = 6B1F65932D043AF60042852D /* Montserrat-Medium.otf */; };
		6B1F65982D043AF60042852D /* Montserrat-Black.otf in Resources */ = {isa = PBXBuildFile; fileRef = 6B1F65902D043AF60042852D /* Montserrat-Black.otf */; };
		6B1F65992D043AF60042852D /* Montserrat-SemiBold.otf in Resources */ = {isa = PBXBuildFile; fileRef = 6B1F65942D043AF60042852D /* Montserrat-SemiBold.otf */; };
		6B1F659C2D043CB60042852D /* Font+extensions.swift in Sources */ = {isa = PBXBuildFile; fileRef = 6B1F659B2D043C980042852D /* Font+extensions.swift */; };
		6B1F659E2D044CCB0042852D /* Colors.xcassets in Resources */ = {isa = PBXBuildFile; fileRef = 6B1F659D2D044CCB0042852D /* Colors.xcassets */; };
		6B1F65A02D044F720042852D /* Color+extensions.swift in Sources */ = {isa = PBXBuildFile; fileRef = 6B1F659F2D044F6B0042852D /* Color+extensions.swift */; };
		6B1F65A32D0459DB0042852D /* PackCardView.swift in Sources */ = {isa = PBXBuildFile; fileRef = 6B1F65A22D0459DB0042852D /* PackCardView.swift */; };
		6B1F65A62D0489DF0042852D /* TextViewModifiers.swift in Sources */ = {isa = PBXBuildFile; fileRef = 6B1F65A52D0489DF0042852D /* TextViewModifiers.swift */; };
		6B72678D2D04A76D00BF473D /* Date+extensions.swift in Sources */ = {isa = PBXBuildFile; fileRef = 6B72678C2D04A76600BF473D /* Date+extensions.swift */; };
		6B72678F2D04DC1000BF473D /* GroupHeaderView.swift in Sources */ = {isa = PBXBuildFile; fileRef = 6B72678E2D04DC1000BF473D /* GroupHeaderView.swift */; };
		6B7267912D05DA0100BF473D /* DataManager.swift in Sources */ = {isa = PBXBuildFile; fileRef = 6B7267902D05DA0100BF473D /* DataManager.swift */; };
		6B7267932D05DE6500BF473D /* NetworkingError.swift in Sources */ = {isa = PBXBuildFile; fileRef = 6B7267922D05DE6500BF473D /* NetworkingError.swift */; };
		6BB3079B2D060912002A1E4E /* LocalDataBaseService.swift in Sources */ = {isa = PBXBuildFile; fileRef = 6BB3079A2D060912002A1E4E /* LocalDataBaseService.swift */; };
		6BB307A02D060AF0002A1E4E /* PackRealm.swift in Sources */ = {isa = PBXBuildFile; fileRef = 6BB3079F2D060ADF002A1E4E /* PackRealm.swift */; };
		6BF518322D0601FF00D28A3E /* RealmSwift in Frameworks */ = {isa = PBXBuildFile; productRef = 6BF518312D0601FF00D28A3E /* RealmSwift */; };
		D671D9582913E528001FA9D5 /* AppDelegate.swift in Sources */ = {isa = PBXBuildFile; fileRef = D671D9572913E528001FA9D5 /* AppDelegate.swift */; };
		D671D9612913E529001FA9D5 /* Assets.xcassets in Resources */ = {isa = PBXBuildFile; fileRef = D671D9602913E529001FA9D5 /* Assets.xcassets */; };
		D671D96F2913E529001FA9D5 /* InPostTests.swift in Sources */ = {isa = PBXBuildFile; fileRef = D671D96E2913E529001FA9D5 /* InPostTests.swift */; };
		D671D98F2913F2A1001FA9D5 /* Pack.swift in Sources */ = {isa = PBXBuildFile; fileRef = D671D98E2913F2A1001FA9D5 /* Pack.swift */; };
		D671D9972915111C001FA9D5 /* NetworkService.swift in Sources */ = {isa = PBXBuildFile; fileRef = D671D9962915111C001FA9D5 /* NetworkService.swift */; };
		D671D99E2915139F001FA9D5 /* packs.json in Resources */ = {isa = PBXBuildFile; fileRef = D671D99D2915139F001FA9D5 /* packs.json */; };
/* End PBXBuildFile section */

/* Begin PBXContainerItemProxy section */
		D671D96B2913E529001FA9D5 /* PBXContainerItemProxy */ = {
			isa = PBXContainerItemProxy;
			containerPortal = D671D94C2913E528001FA9D5 /* Project object */;
			proxyType = 1;
			remoteGlobalIDString = D671D9532913E528001FA9D5;
			remoteInfo = "InPost Interview Coding Task";
		};
		D671D9752913E529001FA9D5 /* PBXContainerItemProxy */ = {
			isa = PBXContainerItemProxy;
			containerPortal = D671D94C2913E528001FA9D5 /* Project object */;
			proxyType = 1;
			remoteGlobalIDString = D671D9532913E528001FA9D5;
			remoteInfo = "InPost Interview Coding Task";
		};
/* End PBXContainerItemProxy section */

/* Begin PBXFileReference section */
		6B1F657D2D0365CA0042852D /* Status.swift */ = {isa = PBXFileReference; lastKnownFileType = sourcecode.swift; path = Status.swift; sourceTree = "<group>"; };
		6B1F657F2D0367E50042852D /* ShipmentType.swift */ = {isa = PBXFileReference; lastKnownFileType = sourcecode.swift; path = ShipmentType.swift; sourceTree = "<group>"; };
		6B1F65832D036C590042852D /* AppStrings.swift */ = {isa = PBXFileReference; lastKnownFileType = sourcecode.swift; path = AppStrings.swift; sourceTree = "<group>"; };
		6B1F65872D042FAC0042852D /* PackListView.swift */ = {isa = PBXFileReference; lastKnownFileType = sourcecode.swift; path = PackListView.swift; sourceTree = "<group>"; };
		6B1F65892D042FC60042852D /* PackListViewModel.swift */ = {isa = PBXFileReference; lastKnownFileType = sourcecode.swift; path = PackListViewModel.swift; sourceTree = "<group>"; };
		6B1F658C2D0435040042852D /* Base */ = {isa = PBXFileReference; lastKnownFileType = file.storyboard; name = Base; path = Base.lproj/LaunchScreen.storyboard; sourceTree = "<group>"; };
		6B1F65902D043AF60042852D /* Montserrat-Black.otf */ = {isa = PBXFileReference; lastKnownFileType = file; path = "Montserrat-Black.otf"; sourceTree = "<group>"; };
		6B1F65912D043AF60042852D /* Montserrat-Bold.otf */ = {isa = PBXFileReference; lastKnownFileType = file; path = "Montserrat-Bold.otf"; sourceTree = "<group>"; };
		6B1F65922D043AF60042852D /* Montserrat-ExtraBold.otf */ = {isa = PBXFileReference; lastKnownFileType = file; path = "Montserrat-ExtraBold.otf"; sourceTree = "<group>"; };
		6B1F65932D043AF60042852D /* Montserrat-Medium.otf */ = {isa = PBXFileReference; lastKnownFileType = file; path = "Montserrat-Medium.otf"; sourceTree = "<group>"; };
		6B1F65942D043AF60042852D /* Montserrat-SemiBold.otf */ = {isa = PBXFileReference; lastKnownFileType = file; path = "Montserrat-SemiBold.otf"; sourceTree = "<group>"; };
		6B1F659B2D043C980042852D /* Font+extensions.swift */ = {isa = PBXFileReference; lastKnownFileType = sourcecode.swift; path = "Font+extensions.swift"; sourceTree = "<group>"; };
		6B1F659D2D044CCB0042852D /* Colors.xcassets */ = {isa = PBXFileReference; lastKnownFileType = folder.assetcatalog; path = Colors.xcassets; sourceTree = "<group>"; };
		6B1F659F2D044F6B0042852D /* Color+extensions.swift */ = {isa = PBXFileReference; lastKnownFileType = sourcecode.swift; path = "Color+extensions.swift"; sourceTree = "<group>"; };
		6B1F65A22D0459DB0042852D /* PackCardView.swift */ = {isa = PBXFileReference; lastKnownFileType = sourcecode.swift; path = PackCardView.swift; sourceTree = "<group>"; };
		6B1F65A52D0489DF0042852D /* TextViewModifiers.swift */ = {isa = PBXFileReference; lastKnownFileType = sourcecode.swift; path = TextViewModifiers.swift; sourceTree = "<group>"; };
		6B72678C2D04A76600BF473D /* Date+extensions.swift */ = {isa = PBXFileReference; lastKnownFileType = sourcecode.swift; path = "Date+extensions.swift"; sourceTree = "<group>"; };
		6B72678E2D04DC1000BF473D /* GroupHeaderView.swift */ = {isa = PBXFileReference; lastKnownFileType = sourcecode.swift; path = GroupHeaderView.swift; sourceTree = "<group>"; };
		6B7267902D05DA0100BF473D /* DataManager.swift */ = {isa = PBXFileReference; lastKnownFileType = sourcecode.swift; path = DataManager.swift; sourceTree = "<group>"; };
		6B7267922D05DE6500BF473D /* NetworkingError.swift */ = {isa = PBXFileReference; lastKnownFileType = sourcecode.swift; path = NetworkingError.swift; sourceTree = "<group>"; };
		6BB3079A2D060912002A1E4E /* LocalDataBaseService.swift */ = {isa = PBXFileReference; lastKnownFileType = sourcecode.swift; path = LocalDataBaseService.swift; sourceTree = "<group>"; };
		6BB3079F2D060ADF002A1E4E /* PackRealm.swift */ = {isa = PBXFileReference; lastKnownFileType = sourcecode.swift; path = PackRealm.swift; sourceTree = "<group>"; };
		D671D9542913E528001FA9D5 /* InPost Interview Coding Task.app */ = {isa = PBXFileReference; explicitFileType = wrapper.application; includeInIndex = 0; path = "InPost Interview Coding Task.app"; sourceTree = BUILT_PRODUCTS_DIR; };
		D671D9572913E528001FA9D5 /* AppDelegate.swift */ = {isa = PBXFileReference; lastKnownFileType = sourcecode.swift; path = AppDelegate.swift; sourceTree = "<group>"; };
		D671D9602913E529001FA9D5 /* Assets.xcassets */ = {isa = PBXFileReference; lastKnownFileType = folder.assetcatalog; path = Assets.xcassets; sourceTree = "<group>"; };
		D671D9652913E529001FA9D5 /* Info.plist */ = {isa = PBXFileReference; lastKnownFileType = text.plist.xml; path = Info.plist; sourceTree = "<group>"; };
		D671D96A2913E529001FA9D5 /* InPost Interview Coding TaskTests.xctest */ = {isa = PBXFileReference; explicitFileType = wrapper.cfbundle; includeInIndex = 0; path = "InPost Interview Coding TaskTests.xctest"; sourceTree = BUILT_PRODUCTS_DIR; };
		D671D96E2913E529001FA9D5 /* InPostTests.swift */ = {isa = PBXFileReference; lastKnownFileType = sourcecode.swift; path = InPostTests.swift; sourceTree = "<group>"; };
		D671D9742913E529001FA9D5 /* InPost Interview Coding TaskUITests.xctest */ = {isa = PBXFileReference; explicitFileType = wrapper.cfbundle; includeInIndex = 0; path = "InPost Interview Coding TaskUITests.xctest"; sourceTree = BUILT_PRODUCTS_DIR; };
		D671D98E2913F2A1001FA9D5 /* Pack.swift */ = {isa = PBXFileReference; lastKnownFileType = sourcecode.swift; path = Pack.swift; sourceTree = "<group>"; };
		D671D9962915111C001FA9D5 /* NetworkService.swift */ = {isa = PBXFileReference; lastKnownFileType = sourcecode.swift; path = NetworkService.swift; sourceTree = "<group>"; };
		D671D99D2915139F001FA9D5 /* packs.json */ = {isa = PBXFileReference; lastKnownFileType = text.json; path = packs.json; sourceTree = "<group>"; };
/* End PBXFileReference section */

/* Begin PBXFrameworksBuildPhase section */
		D671D9512913E528001FA9D5 /* Frameworks */ = {
			isa = PBXFrameworksBuildPhase;
			buildActionMask = 2147483647;
			files = (
				6BF518322D0601FF00D28A3E /* RealmSwift in Frameworks */,
			);
			runOnlyForDeploymentPostprocessing = 0;
		};
		D671D9672913E529001FA9D5 /* Frameworks */ = {
			isa = PBXFrameworksBuildPhase;
			buildActionMask = 2147483647;
			files = (
			);
			runOnlyForDeploymentPostprocessing = 0;
		};
		D671D9712913E529001FA9D5 /* Frameworks */ = {
			isa = PBXFrameworksBuildPhase;
			buildActionMask = 2147483647;
			files = (
			);
			runOnlyForDeploymentPostprocessing = 0;
		};
/* End PBXFrameworksBuildPhase section */

/* Begin PBXGroup section */
		6B1F65812D036C140042852D /* Resources */ = {
			isa = PBXGroup;
			children = (
				6B1F658F2D0439240042852D /* Fonts */,
				D671D9602913E529001FA9D5 /* Assets.xcassets */,
				6B1F659D2D044CCB0042852D /* Colors.xcassets */,
				6B1F65832D036C590042852D /* AppStrings.swift */,
			);
			path = Resources;
			sourceTree = "<group>";
		};
		6B1F65852D03A3710042852D /* Services */ = {
			isa = PBXGroup;
			children = (
				D671D9952915110C001FA9D5 /* Network Service */,
				6B7267902D05DA0100BF473D /* DataManager.swift */,
				6BB3079D2D060AA3002A1E4E /* Local DataBase Service */,
			);
			path = Services;
			sourceTree = "<group>";
		};
		6B1F658E2D0438910042852D /* Utils */ = {
			isa = PBXGroup;
			children = (
				6B1F65A42D0489B10042852D /* ViewModifiers */,
				6B1F659A2D043C2C0042852D /* Extensions */,
			);
			path = Utils;
			sourceTree = "<group>";
		};
		6B1F658F2D0439240042852D /* Fonts */ = {
			isa = PBXGroup;
			children = (
				6B1F65932D043AF60042852D /* Montserrat-Medium.otf */,
				6B1F65942D043AF60042852D /* Montserrat-SemiBold.otf */,
				6B1F65912D043AF60042852D /* Montserrat-Bold.otf */,
				6B1F65922D043AF60042852D /* Montserrat-ExtraBold.otf */,
				6B1F65902D043AF60042852D /* Montserrat-Black.otf */,
			);
			path = Fonts;
			sourceTree = "<group>";
		};
		6B1F659A2D043C2C0042852D /* Extensions */ = {
			isa = PBXGroup;
			children = (
				6B1F659B2D043C980042852D /* Font+extensions.swift */,
				6B1F659F2D044F6B0042852D /* Color+extensions.swift */,
				6B72678C2D04A76600BF473D /* Date+extensions.swift */,
			);
			path = Extensions;
			sourceTree = "<group>";
		};
		6B1F65A12D0459A70042852D /* UI Components */ = {
			isa = PBXGroup;
			children = (
				6B1F65A22D0459DB0042852D /* PackCardView.swift */,
				6B72678E2D04DC1000BF473D /* GroupHeaderView.swift */,
			);
			path = "UI Components";
			sourceTree = "<group>";
		};
		6B1F65A42D0489B10042852D /* ViewModifiers */ = {
			isa = PBXGroup;
			children = (
				6B1F65A52D0489DF0042852D /* TextViewModifiers.swift */,
			);
			path = ViewModifiers;
			sourceTree = "<group>";
		};
		6BB3079D2D060AA3002A1E4E /* Local DataBase Service */ = {
			isa = PBXGroup;
			children = (
				6BB3079E2D060AC1002A1E4E /* Realm data models */,
				6BB3079A2D060912002A1E4E /* LocalDataBaseService.swift */,
			);
			path = "Local DataBase Service";
			sourceTree = "<group>";
		};
		6BB3079E2D060AC1002A1E4E /* Realm data models */ = {
			isa = PBXGroup;
			children = (
				6BB3079F2D060ADF002A1E4E /* PackRealm.swift */,
			);
			path = "Realm data models";
			sourceTree = "<group>";
		};
		D671D94B2913E528001FA9D5 = {
			isa = PBXGroup;
			children = (
				D671D9562913E528001FA9D5 /* InPost Interview Coding Task */,
				D671D96D2913E529001FA9D5 /* InPost Interview Coding TaskTests */,
				D671D9552913E528001FA9D5 /* Products */,
			);
			sourceTree = "<group>";
		};
		D671D9552913E528001FA9D5 /* Products */ = {
			isa = PBXGroup;
			children = (
				D671D9542913E528001FA9D5 /* InPost Interview Coding Task.app */,
				D671D96A2913E529001FA9D5 /* InPost Interview Coding TaskTests.xctest */,
				D671D9742913E529001FA9D5 /* InPost Interview Coding TaskUITests.xctest */,
			);
			name = Products;
			sourceTree = "<group>";
		};
		D671D9562913E528001FA9D5 /* InPost Interview Coding Task */ = {
			isa = PBXGroup;
			children = (
				D671D9572913E528001FA9D5 /* AppDelegate.swift */,
				D671D9892913E685001FA9D5 /* Screens */,
				6B1F65A12D0459A70042852D /* UI Components */,
				D671D98D2913F297001FA9D5 /* Models */,
				6B1F65852D03A3710042852D /* Services */,
				6B1F658E2D0438910042852D /* Utils */,
				6B1F65812D036C140042852D /* Resources */,
				D671D9652913E529001FA9D5 /* Info.plist */,
			);
			path = "InPost Interview Coding Task";
			sourceTree = "<group>";
		};
		D671D96D2913E529001FA9D5 /* InPost Interview Coding TaskTests */ = {
			isa = PBXGroup;
			children = (
				D671D96E2913E529001FA9D5 /* InPostTests.swift */,
			);
			path = "InPost Interview Coding TaskTests";
			sourceTree = "<group>";
		};
		D671D9892913E685001FA9D5 /* Screens */ = {
			isa = PBXGroup;
			children = (
				6B1F65872D042FAC0042852D /* PackListView.swift */,
				6B1F65892D042FC60042852D /* PackListViewModel.swift */,
				6B1F658B2D0435040042852D /* LaunchScreen.storyboard */,
			);
			path = Screens;
			sourceTree = "<group>";
		};
		D671D98D2913F297001FA9D5 /* Models */ = {
			isa = PBXGroup;
			children = (
				D671D98E2913F2A1001FA9D5 /* Pack.swift */,
				6B1F657D2D0365CA0042852D /* Status.swift */,
				6B1F657F2D0367E50042852D /* ShipmentType.swift */,
			);
			path = Models;
			sourceTree = "<group>";
		};
		D671D9952915110C001FA9D5 /* Network Service */ = {
			isa = PBXGroup;
			children = (
				D671D99929151360001FA9D5 /* Mock */,
				D671D9962915111C001FA9D5 /* NetworkService.swift */,
				6B7267922D05DE6500BF473D /* NetworkingError.swift */,
			);
			path = "Network Service";
			sourceTree = "<group>";
		};
		D671D99929151360001FA9D5 /* Mock */ = {
			isa = PBXGroup;
			children = (
				D671D99D2915139F001FA9D5 /* packs.json */,
			);
			path = Mock;
			sourceTree = "<group>";
		};
/* End PBXGroup section */

/* Begin PBXNativeTarget section */
		D671D9532913E528001FA9D5 /* InPost Interview Coding Task */ = {
			isa = PBXNativeTarget;
			buildConfigurationList = D671D97E2913E529001FA9D5 /* Build configuration list for PBXNativeTarget "InPost Interview Coding Task" */;
			buildPhases = (
				FC954554E1E3B07743627ED0 /* [CP] Check Pods Manifest.lock */,
				D671D9502913E528001FA9D5 /* Sources */,
				D671D9512913E528001FA9D5 /* Frameworks */,
				D671D9522913E528001FA9D5 /* Resources */,
			);
			buildRules = (
			);
			dependencies = (
			);
			name = "InPost Interview Coding Task";
			productName = "InPost Interview Coding Task";
			productReference = D671D9542913E528001FA9D5 /* InPost Interview Coding Task.app */;
			productType = "com.apple.product-type.application";
		};
		D671D9692913E529001FA9D5 /* InPost Interview Coding TaskTests */ = {
			isa = PBXNativeTarget;
			buildConfigurationList = D671D9812913E529001FA9D5 /* Build configuration list for PBXNativeTarget "InPost Interview Coding TaskTests" */;
			buildPhases = (
				E24844EC088020A39DB1E76C /* [CP] Check Pods Manifest.lock */,
				D671D9662913E529001FA9D5 /* Sources */,
				D671D9672913E529001FA9D5 /* Frameworks */,
				D671D9682913E529001FA9D5 /* Resources */,
			);
			buildRules = (
			);
			dependencies = (
				D671D96C2913E529001FA9D5 /* PBXTargetDependency */,
			);
			name = "InPost Interview Coding TaskTests";
			productName = "InPost Interview Coding TaskTests";
			productReference = D671D96A2913E529001FA9D5 /* InPost Interview Coding TaskTests.xctest */;
			productType = "com.apple.product-type.bundle.unit-test";
		};
		D671D9732913E529001FA9D5 /* InPost Interview Coding TaskUITests */ = {
			isa = PBXNativeTarget;
			buildConfigurationList = D671D9842913E529001FA9D5 /* Build configuration list for PBXNativeTarget "InPost Interview Coding TaskUITests" */;
			buildPhases = (
				AA344891F738F1810698C3DF /* [CP] Check Pods Manifest.lock */,
				D671D9702913E529001FA9D5 /* Sources */,
				D671D9712913E529001FA9D5 /* Frameworks */,
				D671D9722913E529001FA9D5 /* Resources */,
				370D61ED11110C5DFA729D6B /* [CP] Embed Pods Frameworks */,
			);
			buildRules = (
			);
			dependencies = (
				D671D9762913E529001FA9D5 /* PBXTargetDependency */,
			);
			name = "InPost Interview Coding TaskUITests";
			productName = "InPost Interview Coding TaskUITests";
			productReference = D671D9742913E529001FA9D5 /* InPost Interview Coding TaskUITests.xctest */;
			productType = "com.apple.product-type.bundle.ui-testing";
		};
/* End PBXNativeTarget section */

/* Begin PBXProject section */
		D671D94C2913E528001FA9D5 /* Project object */ = {
			isa = PBXProject;
			attributes = {
				BuildIndependentTargetsInParallel = 1;
				LastSwiftUpdateCheck = 1410;
				LastUpgradeCheck = 1410;
				TargetAttributes = {
					D671D9532913E528001FA9D5 = {
						CreatedOnToolsVersion = 14.1;
					};
					D671D9692913E529001FA9D5 = {
						CreatedOnToolsVersion = 14.1;
						TestTargetID = D671D9532913E528001FA9D5;
					};
					D671D9732913E529001FA9D5 = {
						CreatedOnToolsVersion = 14.1;
						TestTargetID = D671D9532913E528001FA9D5;
					};
				};
			};
			buildConfigurationList = D671D94F2913E528001FA9D5 /* Build configuration list for PBXProject "InPost Interview Coding Task" */;
			compatibilityVersion = "Xcode 14.0";
			developmentRegion = en;
			hasScannedForEncodings = 0;
			knownRegions = (
				en,
				Base,
			);
			mainGroup = D671D94B2913E528001FA9D5;
			packageReferences = (
				6BF518302D0601FF00D28A3E /* XCRemoteSwiftPackageReference "realm-swift" */,
			);
			productRefGroup = D671D9552913E528001FA9D5 /* Products */;
			projectDirPath = "";
			projectRoot = "";
			targets = (
				D671D9532913E528001FA9D5 /* InPost Interview Coding Task */,
				D671D9692913E529001FA9D5 /* InPost Interview Coding TaskTests */,
				D671D9732913E529001FA9D5 /* InPost Interview Coding TaskUITests */,
			);
		};
/* End PBXProject section */

/* Begin PBXResourcesBuildPhase section */
		D671D9522913E528001FA9D5 /* Resources */ = {
			isa = PBXResourcesBuildPhase;
			buildActionMask = 2147483647;
			files = (
				6B1F659E2D044CCB0042852D /* Colors.xcassets in Resources */,
				6B1F658D2D0435040042852D /* LaunchScreen.storyboard in Resources */,
				6B1F65952D043AF60042852D /* Montserrat-ExtraBold.otf in Resources */,
				6B1F65962D043AF60042852D /* Montserrat-Bold.otf in Resources */,
				6B1F65972D043AF60042852D /* Montserrat-Medium.otf in Resources */,
				6B1F65982D043AF60042852D /* Montserrat-Black.otf in Resources */,
				6B1F65992D043AF60042852D /* Montserrat-SemiBold.otf in Resources */,
				D671D99E2915139F001FA9D5 /* packs.json in Resources */,
				D671D9612913E529001FA9D5 /* Assets.xcassets in Resources */,
			);
			runOnlyForDeploymentPostprocessing = 0;
		};
		D671D9682913E529001FA9D5 /* Resources */ = {
			isa = PBXResourcesBuildPhase;
			buildActionMask = 2147483647;
			files = (
			);
			runOnlyForDeploymentPostprocessing = 0;
		};
		D671D9722913E529001FA9D5 /* Resources */ = {
			isa = PBXResourcesBuildPhase;
			buildActionMask = 2147483647;
			files = (
			);
			runOnlyForDeploymentPostprocessing = 0;
		};
/* End PBXResourcesBuildPhase section */

/* Begin PBXShellScriptBuildPhase section */
		370D61ED11110C5DFA729D6B /* [CP] Embed Pods Frameworks */ = {
			isa = PBXShellScriptBuildPhase;
			buildActionMask = 2147483647;
			files = (
			);
			inputFileListPaths = (
				"${PODS_ROOT}/Target Support Files/Pods-InPost Interview Coding Task-InPost Interview Coding TaskUITests/Pods-InPost Interview Coding Task-InPost Interview Coding TaskUITests-frameworks-${CONFIGURATION}-input-files.xcfilelist",
			);
			name = "[CP] Embed Pods Frameworks";
			outputFileListPaths = (
				"${PODS_ROOT}/Target Support Files/Pods-InPost Interview Coding Task-InPost Interview Coding TaskUITests/Pods-InPost Interview Coding Task-InPost Interview Coding TaskUITests-frameworks-${CONFIGURATION}-output-files.xcfilelist",
			);
			runOnlyForDeploymentPostprocessing = 0;
			shellPath = /bin/sh;
			shellScript = "\"${PODS_ROOT}/Target Support Files/Pods-InPost Interview Coding Task-InPost Interview Coding TaskUITests/Pods-InPost Interview Coding Task-InPost Interview Coding TaskUITests-frameworks.sh\"\n";
			showEnvVarsInLog = 0;
		};
		AA344891F738F1810698C3DF /* [CP] Check Pods Manifest.lock */ = {
			isa = PBXShellScriptBuildPhase;
			buildActionMask = 2147483647;
			files = (
			);
			inputFileListPaths = (
			);
			inputPaths = (
				"${PODS_PODFILE_DIR_PATH}/Podfile.lock",
				"${PODS_ROOT}/Manifest.lock",
			);
			name = "[CP] Check Pods Manifest.lock";
			outputFileListPaths = (
			);
			outputPaths = (
				"$(DERIVED_FILE_DIR)/Pods-InPost Interview Coding Task-InPost Interview Coding TaskUITests-checkManifestLockResult.txt",
			);
			runOnlyForDeploymentPostprocessing = 0;
			shellPath = /bin/sh;
			shellScript = "diff \"${PODS_PODFILE_DIR_PATH}/Podfile.lock\" \"${PODS_ROOT}/Manifest.lock\" > /dev/null\nif [ $? != 0 ] ; then\n    # print error to STDERR\n    echo \"error: The sandbox is not in sync with the Podfile.lock. Run 'pod install' or update your CocoaPods installation.\" >&2\n    exit 1\nfi\n# This output is used by Xcode 'outputs' to avoid re-running this script phase.\necho \"SUCCESS\" > \"${SCRIPT_OUTPUT_FILE_0}\"\n";
			showEnvVarsInLog = 0;
		};
		E24844EC088020A39DB1E76C /* [CP] Check Pods Manifest.lock */ = {
			isa = PBXShellScriptBuildPhase;
			buildActionMask = 2147483647;
			files = (
			);
			inputFileListPaths = (
			);
			inputPaths = (
				"${PODS_PODFILE_DIR_PATH}/Podfile.lock",
				"${PODS_ROOT}/Manifest.lock",
			);
			name = "[CP] Check Pods Manifest.lock";
			outputFileListPaths = (
			);
			outputPaths = (
				"$(DERIVED_FILE_DIR)/Pods-InPost Interview Coding TaskTests-checkManifestLockResult.txt",
			);
			runOnlyForDeploymentPostprocessing = 0;
			shellPath = /bin/sh;
			shellScript = "diff \"${PODS_PODFILE_DIR_PATH}/Podfile.lock\" \"${PODS_ROOT}/Manifest.lock\" > /dev/null\nif [ $? != 0 ] ; then\n    # print error to STDERR\n    echo \"error: The sandbox is not in sync with the Podfile.lock. Run 'pod install' or update your CocoaPods installation.\" >&2\n    exit 1\nfi\n# This output is used by Xcode 'outputs' to avoid re-running this script phase.\necho \"SUCCESS\" > \"${SCRIPT_OUTPUT_FILE_0}\"\n";
			showEnvVarsInLog = 0;
		};
		FC954554E1E3B07743627ED0 /* [CP] Check Pods Manifest.lock */ = {
			isa = PBXShellScriptBuildPhase;
			buildActionMask = 2147483647;
			files = (
			);
			inputFileListPaths = (
			);
			inputPaths = (
				"${PODS_PODFILE_DIR_PATH}/Podfile.lock",
				"${PODS_ROOT}/Manifest.lock",
			);
			name = "[CP] Check Pods Manifest.lock";
			outputFileListPaths = (
			);
			outputPaths = (
				"$(DERIVED_FILE_DIR)/Pods-InPost Interview Coding Task-checkManifestLockResult.txt",
			);
			runOnlyForDeploymentPostprocessing = 0;
			shellPath = /bin/sh;
			shellScript = "
";
			showEnvVarsInLog = 0;
		};
/* End PBXShellScriptBuildPhase section */

/* Begin PBXSourcesBuildPhase section */
		D671D9502913E528001FA9D5 /* Sources */ = {
			isa = PBXSourcesBuildPhase;
			buildActionMask = 2147483647;
			files = (
				6B1F65A32D0459DB0042852D /* PackCardView.swift in Sources */,
				6B7267912D05DA0100BF473D /* DataManager.swift in Sources */,
				6B7267932D05DE6500BF473D /* NetworkingError.swift in Sources */,
				D671D9972915111C001FA9D5 /* NetworkService.swift in Sources */,
				6B1F659C2D043CB60042852D /* Font+extensions.swift in Sources */,
				6B1F65882D042FAC0042852D /* PackListView.swift in Sources */,
				6B1F65A02D044F720042852D /* Color+extensions.swift in Sources */,
				D671D98F2913F2A1001FA9D5 /* Pack.swift in Sources */,
				6B1F657E2D0365CA0042852D /* Status.swift in Sources */,
				6B1F658A2D042FC60042852D /* PackListViewModel.swift in Sources */,
				6B72678D2D04A76D00BF473D /* Date+extensions.swift in Sources */,
				6B72678F2D04DC1000BF473D /* GroupHeaderView.swift in Sources */,
				6BB307A02D060AF0002A1E4E /* PackRealm.swift in Sources */,
				6B1F65A62D0489DF0042852D /* TextViewModifiers.swift in Sources */,
				6B1F65842D036C590042852D /* AppStrings.swift in Sources */,
				D671D9582913E528001FA9D5 /* AppDelegate.swift in Sources */,
				6B1F65802D0367E50042852D /* ShipmentType.swift in Sources */,
				6BB3079B2D060912002A1E4E /* LocalDataBaseService.swift in Sources */,
			);
			runOnlyForDeploymentPostprocessing = 0;
		};
		D671D9662913E529001FA9D5 /* Sources */ = {
			isa = PBXSourcesBuildPhase;
			buildActionMask = 2147483647;
			files = (
				D671D96F2913E529001FA9D5 /* InPostTests.swift in Sources */,
			);
			runOnlyForDeploymentPostprocessing = 0;
		};
		D671D9702913E529001FA9D5 /* Sources */ = {
			isa = PBXSourcesBuildPhase;
			buildActionMask = 2147483647;
			files = (
			);
			runOnlyForDeploymentPostprocessing = 0;
		};
/* End PBXSourcesBuildPhase section */

/* Begin PBXTargetDependency section */
		D671D96C2913E529001FA9D5 /* PBXTargetDependency */ = {
			isa = PBXTargetDependency;
			target = D671D9532913E528001FA9D5 /* InPost Interview Coding Task */;
			targetProxy = D671D96B2913E529001FA9D5 /* PBXContainerItemProxy */;
		};
		D671D9762913E529001FA9D5 /* PBXTargetDependency */ = {
			isa = PBXTargetDependency;
			target = D671D9532913E528001FA9D5 /* InPost Interview Coding Task */;
			targetProxy = D671D9752913E529001FA9D5 /* PBXContainerItemProxy */;
		};
/* End PBXTargetDependency section */

/* Begin PBXVariantGroup section */
		6B1F658B2D0435040042852D /* LaunchScreen.storyboard */ = {
			isa = PBXVariantGroup;
			children = (
				6B1F658C2D0435040042852D /* Base */,
			);
			name = LaunchScreen.storyboard;
			sourceTree = "<group>";
		};
/* End PBXVariantGroup section */

/* Begin XCBuildConfiguration section */
		D671D97C2913E529001FA9D5 /* Debug */ = {
			isa = XCBuildConfiguration;
			buildSettings = {
				ALWAYS_SEARCH_USER_PATHS = NO;
				CLANG_ANALYZER_NONNULL = YES;
				CLANG_ANALYZER_NUMBER_OBJECT_CONVERSION = YES_AGGRESSIVE;
				CLANG_CXX_LANGUAGE_STANDARD = "gnu++20";
				CLANG_ENABLE_MODULES = YES;
				CLANG_ENABLE_OBJC_ARC = YES;
				CLANG_ENABLE_OBJC_WEAK = YES;
				CLANG_WARN_BLOCK_CAPTURE_AUTORELEASING = YES;
				CLANG_WARN_BOOL_CONVERSION = YES;
				CLANG_WARN_COMMA = YES;
				CLANG_WARN_CONSTANT_CONVERSION = YES;
				CLANG_WARN_DEPRECATED_OBJC_IMPLEMENTATIONS = YES;
				CLANG_WARN_DIRECT_OBJC_ISA_USAGE = YES_ERROR;
				CLANG_WARN_DOCUMENTATION_COMMENTS = YES;
				CLANG_WARN_EMPTY_BODY = YES;
				CLANG_WARN_ENUM_CONVERSION = YES;
				CLANG_WARN_INFINITE_RECURSION = YES;
				CLANG_WARN_INT_CONVERSION = YES;
				CLANG_WARN_NON_LITERAL_NULL_CONVERSION = YES;
				CLANG_WARN_OBJC_IMPLICIT_RETAIN_SELF = YES;
				CLANG_WARN_OBJC_LITERAL_CONVERSION = YES;
				CLANG_WARN_OBJC_ROOT_CLASS = YES_ERROR;
				CLANG_WARN_QUOTED_INCLUDE_IN_FRAMEWORK_HEADER = YES;
				CLANG_WARN_RANGE_LOOP_ANALYSIS = YES;
				CLANG_WARN_STRICT_PROTOTYPES = YES;
				CLANG_WARN_SUSPICIOUS_MOVE = YES;
				CLANG_WARN_UNGUARDED_AVAILABILITY = YES_AGGRESSIVE;
				CLANG_WARN_UNREACHABLE_CODE = YES;
				CLANG_WARN__DUPLICATE_METHOD_MATCH = YES;
				COPY_PHASE_STRIP = NO;
				DEBUG_INFORMATION_FORMAT = dwarf;
				ENABLE_STRICT_OBJC_MSGSEND = YES;
				ENABLE_TESTABILITY = YES;
				GCC_C_LANGUAGE_STANDARD = gnu11;
				GCC_DYNAMIC_NO_PIC = NO;
				GCC_NO_COMMON_BLOCKS = YES;
				GCC_OPTIMIZATION_LEVEL = 0;
				GCC_PREPROCESSOR_DEFINITIONS = (
					"DEBUG=1",
					"$(inherited)",
				);
				GCC_WARN_64_TO_32_BIT_CONVERSION = YES;
				GCC_WARN_ABOUT_RETURN_TYPE = YES_ERROR;
				GCC_WARN_UNDECLARED_SELECTOR = YES;
				GCC_WARN_UNINITIALIZED_AUTOS = YES_AGGRESSIVE;
				GCC_WARN_UNUSED_FUNCTION = YES;
				GCC_WARN_UNUSED_VARIABLE = YES;
				IPHONEOS_DEPLOYMENT_TARGET = 16.1;
				MTL_ENABLE_DEBUG_INFO = INCLUDE_SOURCE;
				MTL_FAST_MATH = YES;
				ONLY_ACTIVE_ARCH = YES;
				SDKROOT = iphoneos;
				SWIFT_ACTIVE_COMPILATION_CONDITIONS = DEBUG;
				SWIFT_OPTIMIZATION_LEVEL = "-Onone";
			};
			name = Debug;
		};
		D671D97D2913E529001FA9D5 /* Release */ = {
			isa = XCBuildConfiguration;
			buildSettings = {
				ALWAYS_SEARCH_USER_PATHS = NO;
				CLANG_ANALYZER_NONNULL = YES;
				CLANG_ANALYZER_NUMBER_OBJECT_CONVERSION = YES_AGGRESSIVE;
				CLANG_CXX_LANGUAGE_STANDARD = "gnu++20";
				CLANG_ENABLE_MODULES = YES;
				CLANG_ENABLE_OBJC_ARC = YES;
				CLANG_ENABLE_OBJC_WEAK = YES;
				CLANG_WARN_BLOCK_CAPTURE_AUTORELEASING = YES;
				CLANG_WARN_BOOL_CONVERSION = YES;
				CLANG_WARN_COMMA = YES;
				CLANG_WARN_CONSTANT_CONVERSION = YES;
				CLANG_WARN_DEPRECATED_OBJC_IMPLEMENTATIONS = YES;
				CLANG_WARN_DIRECT_OBJC_ISA_USAGE = YES_ERROR;
				CLANG_WARN_DOCUMENTATION_COMMENTS = YES;
				CLANG_WARN_EMPTY_BODY = YES;
				CLANG_WARN_ENUM_CONVERSION = YES;
				CLANG_WARN_INFINITE_RECURSION = YES;
				CLANG_WARN_INT_CONVERSION = YES;
				CLANG_WARN_NON_LITERAL_NULL_CONVERSION = YES;
				CLANG_WARN_OBJC_IMPLICIT_RETAIN_SELF = YES;
				CLANG_WARN_OBJC_LITERAL_CONVERSION = YES;
				CLANG_WARN_OBJC_ROOT_CLASS = YES_ERROR;
				CLANG_WARN_QUOTED_INCLUDE_IN_FRAMEWORK_HEADER = YES;
				CLANG_WARN_RANGE_LOOP_ANALYSIS = YES;
				CLANG_WARN_STRICT_PROTOTYPES = YES;
				CLANG_WARN_SUSPICIOUS_MOVE = YES;
				CLANG_WARN_UNGUARDED_AVAILABILITY = YES_AGGRESSIVE;
				CLANG_WARN_UNREACHABLE_CODE = YES;
				CLANG_WARN__DUPLICATE_METHOD_MATCH = YES;
				COPY_PHASE_STRIP = NO;
				DEBUG_INFORMATION_FORMAT = "dwarf-with-dsym";
				ENABLE_NS_ASSERTIONS = NO;
				ENABLE_STRICT_OBJC_MSGSEND = YES;
				GCC_C_LANGUAGE_STANDARD = gnu11;
				GCC_NO_COMMON_BLOCKS = YES;
				GCC_WARN_64_TO_32_BIT_CONVERSION = YES;
				GCC_WARN_ABOUT_RETURN_TYPE = YES_ERROR;
				GCC_WARN_UNDECLARED_SELECTOR = YES;
				GCC_WARN_UNINITIALIZED_AUTOS = YES_AGGRESSIVE;
				GCC_WARN_UNUSED_FUNCTION = YES;
				GCC_WARN_UNUSED_VARIABLE = YES;
				IPHONEOS_DEPLOYMENT_TARGET = 16.1;
				MTL_ENABLE_DEBUG_INFO = NO;
				MTL_FAST_MATH = YES;
				SDKROOT = iphoneos;
				SWIFT_COMPILATION_MODE = wholemodule;
				SWIFT_OPTIMIZATION_LEVEL = "-O";
				VALIDATE_PRODUCT = YES;
			};
			name = Release;
		};
		D671D97F2913E529001FA9D5 /* Debug */ = {
			isa = XCBuildConfiguration;
			buildSettings = {
				ASSETCATALOG_COMPILER_APPICON_NAME = AppIcon;
				ASSETCATALOG_COMPILER_GLOBAL_ACCENT_COLOR_NAME = AccentColor;
				CODE_SIGN_STYLE = Automatic;
				CURRENT_PROJECT_VERSION = 1;
				DEVELOPMENT_TEAM = 2UGBQYC9Y9;
				GENERATE_INFOPLIST_FILE = YES;
				INFOPLIST_FILE = "InPost Interview Coding Task/Info.plist";
				INFOPLIST_KEY_CFBundleDisplayName = "InPost Recruitment Task";
				INFOPLIST_KEY_UIApplicationSupportsIndirectInputEvents = YES;
				INFOPLIST_KEY_UILaunchStoryboardName = LaunchScreen.storyboard;
				INFOPLIST_KEY_UISupportedInterfaceOrientations = UIInterfaceOrientationPortrait;
				INFOPLIST_KEY_UISupportedInterfaceOrientations_iPad = "UIInterfaceOrientationLandscapeLeft UIInterfaceOrientationLandscapeRight UIInterfaceOrientationPortrait";
				IPHONEOS_DEPLOYMENT_TARGET = 15;
				LD_RUNPATH_SEARCH_PATHS = (
					"$(inherited)",
					"@executable_path/Frameworks",
				);
				MARKETING_VERSION = 1.0;
				PRODUCT_BUNDLE_IDENTIFIER = "inpost.pl.InPost-Interview-Coding-Task";
				PRODUCT_NAME = "$(TARGET_NAME)";
				SUPPORTED_PLATFORMS = "iphoneos iphonesimulator";
				SUPPORTS_MACCATALYST = NO;
				SUPPORTS_MAC_DESIGNED_FOR_IPHONE_IPAD = NO;
				SWIFT_EMIT_LOC_STRINGS = YES;
				SWIFT_VERSION = 5.0;
				TARGETED_DEVICE_FAMILY = 1;
			};
			name = Debug;
		};
		D671D9802913E529001FA9D5 /* Release */ = {
			isa = XCBuildConfiguration;
			buildSettings = {
				ASSETCATALOG_COMPILER_APPICON_NAME = AppIcon;
				ASSETCATALOG_COMPILER_GLOBAL_ACCENT_COLOR_NAME = AccentColor;
				CODE_SIGN_STYLE = Automatic;
				CURRENT_PROJECT_VERSION = 1;
				DEVELOPMENT_TEAM = 2UGBQYC9Y9;
				GENERATE_INFOPLIST_FILE = YES;
				INFOPLIST_FILE = "InPost Interview Coding Task/Info.plist";
				INFOPLIST_KEY_CFBundleDisplayName = "InPost Recruitment Task";
				INFOPLIST_KEY_UIApplicationSupportsIndirectInputEvents = YES;
				INFOPLIST_KEY_UILaunchStoryboardName = LaunchScreen.storyboard;
				INFOPLIST_KEY_UISupportedInterfaceOrientations = UIInterfaceOrientationPortrait;
				INFOPLIST_KEY_UISupportedInterfaceOrientations_iPad = "UIInterfaceOrientationLandscapeLeft UIInterfaceOrientationLandscapeRight UIInterfaceOrientationPortrait";
				IPHONEOS_DEPLOYMENT_TARGET = 15;
				LD_RUNPATH_SEARCH_PATHS = (
					"$(inherited)",
					"@executable_path/Frameworks",
				);
				MARKETING_VERSION = 1.0;
				PRODUCT_BUNDLE_IDENTIFIER = "inpost.pl.InPost-Interview-Coding-Task";
				PRODUCT_NAME = "$(TARGET_NAME)";
				SUPPORTED_PLATFORMS = "iphoneos iphonesimulator";
				SUPPORTS_MACCATALYST = NO;
				SUPPORTS_MAC_DESIGNED_FOR_IPHONE_IPAD = NO;
				SWIFT_EMIT_LOC_STRINGS = YES;
				SWIFT_VERSION = 5.0;
				TARGETED_DEVICE_FAMILY = 1;
			};
			name = Release;
		};
		D671D9822913E529001FA9D5 /* Debug */ = {
			isa = XCBuildConfiguration;
			buildSettings = {
				ALWAYS_EMBED_SWIFT_STANDARD_LIBRARIES = YES;
				BUNDLE_LOADER = "$(TEST_HOST)";
				CODE_SIGN_STYLE = Automatic;
				CURRENT_PROJECT_VERSION = 1;
				GENERATE_INFOPLIST_FILE = YES;
				IPHONEOS_DEPLOYMENT_TARGET = 16.1;
				MARKETING_VERSION = 1.0;
				PRODUCT_BUNDLE_IDENTIFIER = "inpost.pl.InPost-Interview-Coding-TaskTests";
				PRODUCT_NAME = "$(TARGET_NAME)";
				SWIFT_EMIT_LOC_STRINGS = NO;
				SWIFT_VERSION = 5.0;
				TARGETED_DEVICE_FAMILY = "1,2";
				TEST_HOST = "$(BUILT_PRODUCTS_DIR)/InPost Interview Coding Task.app/$(BUNDLE_EXECUTABLE_FOLDER_PATH)/InPost Interview Coding Task";
			};
			name = Debug;
		};
		D671D9832913E529001FA9D5 /* Release */ = {
			isa = XCBuildConfiguration;
			buildSettings = {
				ALWAYS_EMBED_SWIFT_STANDARD_LIBRARIES = YES;
				BUNDLE_LOADER = "$(TEST_HOST)";
				CODE_SIGN_STYLE = Automatic;
				CURRENT_PROJECT_VERSION = 1;
				GENERATE_INFOPLIST_FILE = YES;
				IPHONEOS_DEPLOYMENT_TARGET = 16.1;
				MARKETING_VERSION = 1.0;
				PRODUCT_BUNDLE_IDENTIFIER = "inpost.pl.InPost-Interview-Coding-TaskTests";
				PRODUCT_NAME = "$(TARGET_NAME)";
				SWIFT_EMIT_LOC_STRINGS = NO;
				SWIFT_VERSION = 5.0;
				TARGETED_DEVICE_FAMILY = "1,2";
				TEST_HOST = "$(BUILT_PRODUCTS_DIR)/InPost Interview Coding Task.app/$(BUNDLE_EXECUTABLE_FOLDER_PATH)/InPost Interview Coding Task";
			};
			name = Release;
		};
		D671D9852913E529001FA9D5 /* Debug */ = {
			isa = XCBuildConfiguration;
			buildSettings = {
				ALWAYS_EMBED_SWIFT_STANDARD_LIBRARIES = YES;
				CODE_SIGN_STYLE = Automatic;
				CURRENT_PROJECT_VERSION = 1;
				GENERATE_INFOPLIST_FILE = YES;
				MARKETING_VERSION = 1.0;
				PRODUCT_BUNDLE_IDENTIFIER = "inpost.pl.InPost-Interview-Coding-TaskUITests";
				PRODUCT_NAME = "$(TARGET_NAME)";
				SWIFT_EMIT_LOC_STRINGS = NO;
				SWIFT_VERSION = 5.0;
				TARGETED_DEVICE_FAMILY = "1,2";
				TEST_TARGET_NAME = "InPost Interview Coding Task";
			};
			name = Debug;
		};
		D671D9862913E529001FA9D5 /* Release */ = {
			isa = XCBuildConfiguration;
			buildSettings = {
				ALWAYS_EMBED_SWIFT_STANDARD_LIBRARIES = YES;
				CODE_SIGN_STYLE = Automatic;
				CURRENT_PROJECT_VERSION = 1;
				GENERATE_INFOPLIST_FILE = YES;
				MARKETING_VERSION = 1.0;
				PRODUCT_BUNDLE_IDENTIFIER = "inpost.pl.InPost-Interview-Coding-TaskUITests";
				PRODUCT_NAME = "$(TARGET_NAME)";
				SWIFT_EMIT_LOC_STRINGS = NO;
				SWIFT_VERSION = 5.0;
				TARGETED_DEVICE_FAMILY = "1,2";
				TEST_TARGET_NAME = "InPost Interview Coding Task";
			};
			name = Release;
		};
/* End XCBuildConfiguration section */

/* Begin XCConfigurationList section */
		D671D94F2913E528001FA9D5 /* Build configuration list for PBXProject "InPost Interview Coding Task" */ = {
			isa = XCConfigurationList;
			buildConfigurations = (
				D671D97C2913E529001FA9D5 /* Debug */,
				D671D97D2913E529001FA9D5 /* Release */,
			);
			defaultConfigurationIsVisible = 0;
			defaultConfigurationName = Release;
		};
		D671D97E2913E529001FA9D5 /* Build configuration list for PBXNativeTarget "InPost Interview Coding Task" */ = {
			isa = XCConfigurationList;
			buildConfigurations = (
				D671D97F2913E529001FA9D5 /* Debug */,
				D671D9802913E529001FA9D5 /* Release */,
			);
			defaultConfigurationIsVisible = 0;
			defaultConfigurationName = Release;
		};
		D671D9812913E529001FA9D5 /* Build configuration list for PBXNativeTarget "InPost Interview Coding TaskTests" */ = {
			isa = XCConfigurationList;
			buildConfigurations = (
				D671D9822913E529001FA9D5 /* Debug */,
				D671D9832913E529001FA9D5 /* Release */,
			);
			defaultConfigurationIsVisible = 0;
			defaultConfigurationName = Release;
		};
		D671D9842913E529001FA9D5 /* Build configuration list for PBXNativeTarget "InPost Interview Coding TaskUITests" */ = {
			isa = XCConfigurationList;
			buildConfigurations = (
				D671D9852913E529001FA9D5 /* Debug */,
				D671D9862913E529001FA9D5 /* Release */,
			);
			defaultConfigurationIsVisible = 0;
			defaultConfigurationName = Release;
		};
/* End XCConfigurationList section */

/* Begin XCRemoteSwiftPackageReference section */
		6BF518302D0601FF00D28A3E /* XCRemoteSwiftPackageReference "realm-swift" */ = {
			isa = XCRemoteSwiftPackageReference;
			repositoryURL = "https://github.com/realm/realm-swift.git";
			requirement = {
				branch = master;
				kind = branch;
			};
		};
/* End XCRemoteSwiftPackageReference section */

/* Begin XCSwiftPackageProductDependency section */
		6BF518312D0601FF00D28A3E /* RealmSwift */ = {
			isa = XCSwiftPackageProductDependency;
			package = 6BF518302D0601FF00D28A3E /* XCRemoteSwiftPackageReference "realm-swift" */;
			productName = RealmSwift;
		};
/* End XCSwiftPackageProductDependency section */
	};
	rootObject = D671D94C2913E528001FA9D5 /* Project object */;
}
